<?xml version="1.0" encoding="utf-8"?>
<Project ToolsVersion="4.0" xmlns="http://schemas.microsoft.com/developer/msbuild/2003">
  <ItemGroup>
    <Filter Include="Source Files">
      <UniqueIdentifier>{4FC737F1-C7A5-4376-A066-2A32D752A2FF}</UniqueIdentifier>
      <Extensions>cpp;cxx;c;def</Extensions>
    </Filter>
    <Filter Include="Form Files">
      <UniqueIdentifier>{99349809-55BA-4b9d-BF79-8FDBB0286EB3}</UniqueIdentifier>
      <Extensions>ui</Extensions>
    </Filter>
    <Filter Include="Resource Files">
      <UniqueIdentifier>{D9D6E242-F8AF-46E4-B9FD-80ECBC20BA3E}</UniqueIdentifier>
      <Extensions>qrc;*</Extensions>
      <ParseFiles>false</ParseFiles>
    </Filter>
    <Filter Include="Generated Files">
      <UniqueIdentifier>{71ED8ED8-ACB9-4CE9-BBE1-E00B30144E11}</UniqueIdentifier>
      <Extensions>moc;h;cpp</Extensions>
      <SourceControlFiles>False</SourceControlFiles>
    </Filter>
    <Filter Include="Generated Files\Debug">
      <UniqueIdentifier>{832205dd-6b26-4520-923c-6239c22212da}</UniqueIdentifier>
      <Extensions>cpp;moc</Extensions>
      <SourceControlFiles>False</SourceControlFiles>
    </Filter>
    <Filter Include="Generated Files\Release">
      <UniqueIdentifier>{29d69e59-bc43-4d34-a053-67e4faec68d7}</UniqueIdentifier>
      <Extensions>cpp;moc</Extensions>
      <SourceControlFiles>False</SourceControlFiles>
    </Filter>
    <Filter Include="vlc">
      <UniqueIdentifier>{365f3e69-69de-4693-85f6-de315773c12c}</UniqueIdentifier>
    </Filter>
    <Filter Include="Source Files\base">
      <UniqueIdentifier>{eb52aded-432a-49d1-9a5c-6b3d3bf969c4}</UniqueIdentifier>
    </Filter>
  </ItemGroup>
  <ItemGroup>
    <ClCompile Include="main.cpp">
      <Filter>Source Files</Filter>
    </ClCompile>
    <ClCompile Include="XAVIPlayer.cpp">
      <Filter>Source Files</Filter>
    </ClCompile>
    <ClCompile Include="GeneratedFiles\Debug\moc_XAVIPlayer.cpp">
      <Filter>Generated Files\Debug</Filter>
    </ClCompile>
    <ClCompile Include="GeneratedFiles\Release\moc_XAVIPlayer.cpp">
      <Filter>Generated Files\Release</Filter>
    </ClCompile>
    <ClCompile Include="GeneratedFiles\qrc_XAVIPlayer.cpp">
      <Filter>Generated Files</Filter>
    </ClCompile>
    <ClCompile Include="VLCInstance.cpp">
      <Filter>vlc</Filter>
    </ClCompile>
    <ClCompile Include="VLCPlayer.cpp">
      <Filter>vlc</Filter>
    </ClCompile>
    <ClCompile Include="base\SimpleThread.cpp">
      <Filter>Source Files\base</Filter>
    </ClCompile>
    <ClCompile Include="base\process_helper.cpp">
      <Filter>Source Files\base</Filter>
    </ClCompile>
    <ClCompile Include="base\str_helper.cpp">
      <Filter>Source Files\base</Filter>
    </ClCompile>
    <ClCompile Include="file_cut_thread.cpp">
      <Filter>Source Files</Filter>
    </ClCompile>
    <ClCompile Include="base\file_helper.cpp">
      <Filter>Source Files\base</Filter>
    </ClCompile>
  </ItemGroup>
  <ItemGroup>
    <CustomBuild Include="XAVIPlayer.ui">
      <Filter>Form Files</Filter>
    </CustomBuild>
    <CustomBuild Include="XAVIPlayer.qrc">
      <Filter>Resource Files</Filter>
    </CustomBuild>
    <CustomBuild Include="XAVIPlayer.h">
      <Filter>Source Files</Filter>
    </CustomBuild>
  </ItemGroup>
  <ItemGroup>
    <ClInclude Include="GeneratedFiles\ui_XAVIPlayer.h">
      <Filter>Generated Files</Filter>
    </ClInclude>
    <ClInclude Include="VLCInstance.h">
      <Filter>vlc</Filter>
    </ClInclude>
    <ClInclude Include="VLCPlayer.h">
      <Filter>vlc</Filter>
    </ClInclude>
    <ClInclude Include="Bitstream.h">
      <Filter>Source Files</Filter>
    </ClInclude>
    <ClInclude Include="resource.h">
      <Filter>Source Files</Filter>
    </ClInclude>
    <ClInclude Include="base\base.h">
      <Filter>Source Files\base</Filter>
    </ClInclude>
    <ClInclude Include="base\SimpleThread.h">
      <Filter>Source Files\base</Filter>
    </ClInclude>
    <ClInclude Include="base\process_helper.h">
      <Filter>Source Files\base</Filter>
    </ClInclude>
    <ClInclude Include="base\str_helper.h">
      <Filter>Source Files\base</Filter>
    </ClInclude>
    <ClInclude Include="file_cut_thread.h">
      <Filter>Source Files</Filter>
    </ClInclude>
    <ClInclude Include="base\file_helper.h">
      <Filter>Source Files\base</Filter>
    </ClInclude>
  </ItemGroup>
</Project>